
Microsoft Visual Studio Solution File, Format Version 12.00
# Visual Studio Version 16
VisualStudioVersion = 16.0.31205.134
MinimumVisualStudioVersion = 10.0.40219.1
Project("{FAE04EC0-301F-11D3-BF4B-00C04F79EFBC}") = "PPP.UWP", "PPP\PPP.UWP\PPP.UWP.csproj", "{744822BD-79FC-49DD-91E7-18993806A79F}"
EndProject
Project("{FAE04EC0-301F-11D3-BF4B-00C04F79EFBC}") = "PPP.Android", "PPP\PPP.Android\PPP.Android.csproj", "{FA912B77-C9FF-4EF4-B854-F52199C4F987}"
EndProject
Project("{FAE04EC0-301F-11D3-BF4B-00C04F79EFBC}") = "PPP.iOS", "PPP\PPP.iOS\PPP.iOS.csproj", "{552C14A8-A33B-4B7F-AE11-D57FD4125F65}"
EndProject
Project("{9A19103F-16F7-4668-BE54-9A1E7A4F7556}") = "PPP", "PPP\PPP\PPP.csproj", "{9D92F15A-1086-41FB-92A9-827EE15F16BD}"
EndProject
Project("{FAE04EC0-301F-11D3-BF4B-00C04F79EFBC}") = "PPP_UnitTests", "PPP_UnitTests\PPP_UnitTests.csproj", "{7BA7FD42-EA8E-46F8-AAA7-00211CCA0CD2}"
EndProject
Global
	GlobalSection(SolutionConfigurationPlatforms) = preSolution
		Debug|Any CPU = Debug|Any CPU
		Debug|ARM = Debug|ARM
		Debug|iPhone = Debug|iPhone
		Debug|iPhoneSimulator = Debug|iPhoneSimulator
		Debug|x64 = Debug|x64
		Debug|x86 = Debug|x86
		Release|Any CPU = Release|Any CPU
		Release|ARM = Release|ARM
		Release|iPhone = Release|iPhone
		Release|iPhoneSimulator = Release|iPhoneSimulator
		Release|x64 = Release|x64
		Release|x86 = Release|x86
	EndGlobalSection
	GlobalSection(ProjectConfigurationPlatforms) = postSolution
		{744822BD-79FC-49DD-91E7-18993806A79F}.Debug|Any CPU.ActiveCfg = Debug|x86
		{744822BD-79FC-49DD-91E7-18993806A79F}.Debug|Any CPU.Build.0 = Debug|x86
		{744822BD-79FC-49DD-91E7-18993806A79F}.Debug|Any CPU.Deploy.0 = Debug|x86
		{744822BD-79FC-49DD-91E7-18993806A79F}.Debug|ARM.ActiveCfg = Debug|ARM
		{744822BD-79FC-49DD-91E7-18993806A79F}.Debug|ARM.Build.0 = Debug|ARM
		{744822BD-79FC-49DD-91E7-18993806A79F}.Debug|ARM.Deploy.0 = Debug|ARM
		{744822BD-79FC-49DD-91E7-18993806A79F}.Debug|iPhone.ActiveCfg = Debug|x86
		{744822BD-79FC-49DD-91E7-18993806A79F}.Debug|iPhone.Build.0 = Debug|x86
		{744822BD-79FC-49DD-91E7-18993806A79F}.Debug|iPhone.Deploy.0 = Debug|x86
		{744822BD-79FC-49DD-91E7-18993806A79F}.Debug|iPhoneSimulator.ActiveCfg = Debug|x86
		{744822BD-79FC-49DD-91E7-18993806A79F}.Debug|iPhoneSimulator.Build.0 = Debug|x86
		{744822BD-79FC-49DD-91E7-18993806A79F}.Debug|iPhoneSimulator.Deploy.0 = Debug|x86
		{744822BD-79FC-49DD-91E7-18993806A79F}.Debug|x64.ActiveCfg = Debug|x64
		{744822BD-79FC-49DD-91E7-18993806A79F}.Debug|x64.Build.0 = Debug|x64
		{744822BD-79FC-49DD-91E7-18993806A79F}.Debug|x64.Deploy.0 = Debug|x64
		{744822BD-79FC-49DD-91E7-18993806A79F}.Debug|x86.ActiveCfg = Debug|x86
		{744822BD-79FC-49DD-91E7-18993806A79F}.Debug|x86.Build.0 = Debug|x86
		{744822BD-79FC-49DD-91E7-18993806A79F}.Debug|x86.Deploy.0 = Debug|x86
		{744822BD-79FC-49DD-91E7-18993806A79F}.Release|Any CPU.ActiveCfg = Release|x86
		{744822BD-79FC-49DD-91E7-18993806A79F}.Release|Any CPU.Build.0 = Release|x86
		{744822BD-79FC-49DD-91E7-18993806A79F}.Release|Any CPU.Deploy.0 = Release|x86
		{744822BD-79FC-49DD-91E7-18993806A79F}.Release|ARM.ActiveCfg = Release|ARM
		{744822BD-79FC-49DD-91E7-18993806A79F}.Release|ARM.Build.0 = Release|ARM
		{744822BD-79FC-49DD-91E7-18993806A79F}.Release|ARM.Deploy.0 = Release|ARM
		{744822BD-79FC-49DD-91E7-18993806A79F}.Release|iPhone.ActiveCfg = Release|x86
		{744822BD-79FC-49DD-91E7-18993806A79F}.Release|iPhone.Build.0 = Release|x86
		{744822BD-79FC-49DD-91E7-18993806A79F}.Release|iPhone.Deploy.0 = Release|x86
		{744822BD-79FC-49DD-91E7-18993806A79F}.Release|iPhoneSimulator.ActiveCfg = Release|x86
		{744822BD-79FC-49DD-91E7-18993806A79F}.Release|iPhoneSimulator.Build.0 = Release|x86
		{744822BD-79FC-49DD-91E7-18993806A79F}.Release|iPhoneSimulator.Deploy.0 = Release|x86
		{744822BD-79FC-49DD-91E7-18993806A79F}.Release|x64.ActiveCfg = Release|x64
		{744822BD-79FC-49DD-91E7-18993806A79F}.Release|x64.Build.0 = Release|x64
		{744822BD-79FC-49DD-91E7-18993806A79F}.Release|x64.Deploy.0 = Release|x64
		{744822BD-79FC-49DD-91E7-18993806A79F}.Release|x86.ActiveCfg = Release|x86
		{744822BD-79FC-49DD-91E7-18993806A79F}.Release|x86.Build.0 = Release|x86
		{744822BD-79FC-49DD-91E7-18993806A79F}.Release|x86.Deploy.0 = Release|x86
		{FA912B77-C9FF-4EF4-B854-F52199C4F987}.Debug|Any CPU.ActiveCfg = Debug|Any CPU
		{FA912B77-C9FF-4EF4-B854-F52199C4F987}.Debug|Any CPU.Build.0 = Debug|Any CPU
		{FA912B77-C9FF-4EF4-B854-F52199C4F987}.Debug|Any CPU.Deploy.0 = Debug|Any CPU
		{FA912B77-C9FF-4EF4-B854-F52199C4F987}.Debug|ARM.ActiveCfg = Debug|Any CPU
		{FA912B77-C9FF-4EF4-B854-F52199C4F987}.Debug|ARM.Build.0 = Debug|Any CPU
		{FA912B77-C9FF-4EF4-B854-F52199C4F987}.Debug|ARM.Deploy.0 = Debug|Any CPU
		{FA912B77-C9FF-4EF4-B854-F52199C4F987}.Debug|iPhone.ActiveCfg = Debug|Any CPU
		{FA912B77-C9FF-4EF4-B854-F52199C4F987}.Debug|iPhone.Build.0 = Debug|Any CPU
		{FA912B77-C9FF-4EF4-B854-F52199C4F987}.Debug|iPhone.Deploy.0 = Debug|Any CPU
		{FA912B77-C9FF-4EF4-B854-F52199C4F987}.Debug|iPhoneSimulator.ActiveCfg = Debug|Any CPU
		{FA912B77-C9FF-4EF4-B854-F52199C4F987}.Debug|iPhoneSimulator.Build.0 = Debug|Any CPU
		{FA912B77-C9FF-4EF4-B854-F52199C4F987}.Debug|iPhoneSimulator.Deploy.0 = Debug|Any CPU
		{FA912B77-C9FF-4EF4-B854-F52199C4F987}.Debug|x64.ActiveCfg = Debug|Any CPU
		{FA912B77-C9FF-4EF4-B854-F52199C4F987}.Debug|x64.Build.0 = Debug|Any CPU
		{FA912B77-C9FF-4EF4-B854-F52199C4F987}.Debug|x64.Deploy.0 = Debug|Any CPU
		{FA912B77-C9FF-4EF4-B854-F52199C4F987}.Debug|x86.ActiveCfg = Debug|Any CPU
		{FA912B77-C9FF-4EF4-B854-F52199C4F987}.Debug|x86.Build.0 = Debug|Any CPU
		{FA912B77-C9FF-4EF4-B854-F52199C4F987}.Debug|x86.Deploy.0 = Debug|Any CPU
		{FA912B77-C9FF-4EF4-B854-F52199C4F987}.Release|Any CPU.ActiveCfg = Release|Any CPU
		{FA912B77-C9FF-4EF4-B854-F52199C4F987}.Release|Any CPU.Build.0 = Release|Any CPU
		{FA912B77-C9FF-4EF4-B854-F52199C4F987}.Release|Any CPU.Deploy.0 = Release|Any CPU
		{FA912B77-C9FF-4EF4-B854-F52199C4F987}.Release|ARM.ActiveCfg = Release|Any CPU
		{FA912B77-C9FF-4EF4-B854-F52199C4F987}.Release|ARM.Build.0 = Release|Any CPU
		{FA912B77-C9FF-4EF4-B854-F52199C4F987}.Release|ARM.Deploy.0 = Release|Any CPU
		{FA912B77-C9FF-4EF4-B854-F52199C4F987}.Release|iPhone.ActiveCfg = Release|Any CPU
		{FA912B77-C9FF-4EF4-B854-F52199C4F987}.Release|iPhone.Build.0 = Release|Any CPU
		{FA912B77-C9FF-4EF4-B854-F52199C4F987}.Release|iPhone.Deploy.0 = Release|Any CPU
		{FA912B77-C9FF-4EF4-B854-F52199C4F987}.Release|iPhoneSimulator.ActiveCfg = Release|Any CPU
		{FA912B77-C9FF-4EF4-B854-F52199C4F987}.Release|iPhoneSimulator.Build.0 = Release|Any CPU
		{FA912B77-C9FF-4EF4-B854-F52199C4F987}.Release|iPhoneSimulator.Deploy.0 = Release|Any CPU
		{FA912B77-C9FF-4EF4-B854-F52199C4F987}.Release|x64.ActiveCfg = Release|Any CPU
		{FA912B77-C9FF-4EF4-B854-F52199C4F987}.Release|x64.Build.0 = Release|Any CPU
		{FA912B77-C9FF-4EF4-B854-F52199C4F987}.Release|x64.Deploy.0 = Release|Any CPU
		{FA912B77-C9FF-4EF4-B854-F52199C4F987}.Release|x86.ActiveCfg = Release|Any CPU
		{FA912B77-C9FF-4EF4-B854-F52199C4F987}.Release|x86.Build.0 = Release|Any CPU
		{FA912B77-C9FF-4EF4-B854-F52199C4F987}.Release|x86.Deploy.0 = Release|Any CPU
		{552C14A8-A33B-4B7F-AE11-D57FD4125F65}.Debug|Any CPU.ActiveCfg = Debug|iPhoneSimulator
		{552C14A8-A33B-4B7F-AE11-D57FD4125F65}.Debug|Any CPU.Build.0 = Debug|iPhoneSimulator
		{552C14A8-A33B-4B7F-AE11-D57FD4125F65}.Debug|Any CPU.Deploy.0 = Debug|iPhoneSimulator
		{552C14A8-A33B-4B7F-AE11-D57FD4125F65}.Debug|ARM.ActiveCfg = Debug|iPhone
		{552C14A8-A33B-4B7F-AE11-D57FD4125F65}.Debug|ARM.Build.0 = Debug|iPhone
		{552C14A8-A33B-4B7F-AE11-D57FD4125F65}.Debug|ARM.Deploy.0 = Debug|iPhone
		{552C14A8-A33B-4B7F-AE11-D57FD4125F65}.Debug|iPhone.ActiveCfg = Debug|iPhone
		{552C14A8-A33B-4B7F-AE11-D57FD4125F65}.Debug|iPhone.Build.0 = Debug|iPhone
		{552C14A8-A33B-4B7F-AE11-D57FD4125F65}.Debug|iPhone.Deploy.0 = Debug|iPhone
		{552C14A8-A33B-4B7F-AE11-D57FD4125F65}.Debug|iPhoneSimulator.ActiveCfg = Debug|iPhoneSimulator
		{552C14A8-A33B-4B7F-AE11-D57FD4125F65}.Debug|iPhoneSimulator.Build.0 = Debug|iPhoneSimulator
		{552C14A8-A33B-4B7F-AE11-D57FD4125F65}.Debug|iPhoneSimulator.Deploy.0 = Debug|iPhoneSimulator
		{552C14A8-A33B-4B7F-AE11-D57FD4125F65}.Debug|x64.ActiveCfg = Debug|iPhoneSimulator
		{552C14A8-A33B-4B7F-AE11-D57FD4125F65}.Debug|x64.Build.0 = Debug|iPhoneSimulator
		{552C14A8-A33B-4B7F-AE11-D57FD4125F65}.Debug|x64.Deploy.0 = Debug|iPhoneSimulator
		{552C14A8-A33B-4B7F-AE11-D57FD4125F65}.Debug|x86.ActiveCfg = Debug|iPhoneSimulator
		{552C14A8-A33B-4B7F-AE11-D57FD4125F65}.Debug|x86.Build.0 = Debug|iPhoneSimulator
		{552C14A8-A33B-4B7F-AE11-D57FD4125F65}.Debug|x86.Deploy.0 = Debug|iPhoneSimulator
		{552C14A8-A33B-4B7F-AE11-D57FD4125F65}.Release|Any CPU.ActiveCfg = Release|iPhoneSimulator
		{552C14A8-A33B-4B7F-AE11-D57FD4125F65}.Release|Any CPU.Build.0 = Release|iPhoneSimulator
		{552C14A8-A33B-4B7F-AE11-D57FD4125F65}.Release|Any CPU.Deploy.0 = Release|iPhoneSimulator
		{552C14A8-A33B-4B7F-AE11-D57FD4125F65}.Release|ARM.ActiveCfg = Release|iPhoneSimulator
		{552C14A8-A33B-4B7F-AE11-D57FD4125F65}.Release|ARM.Build.0 = Release|iPhoneSimulator
		{552C14A8-A33B-4B7F-AE11-D57FD4125F65}.Release|ARM.Deploy.0 = Release|iPhoneSimulator
		{552C14A8-A33B-4B7F-AE11-D57FD4125F65}.Release|iPhone.ActiveCfg = Release|iPhone
		{552C14A8-A33B-4B7F-AE11-D57FD4125F65}.Release|iPhone.Build.0 = Release|iPhone
		{552C14A8-A33B-4B7F-AE11-D57FD4125F65}.Release|iPhone.Deploy.0 = Release|iPhone
		{552C14A8-A33B-4B7F-AE11-D57FD4125F65}.Release|iPhoneSimulator.ActiveCfg = Release|iPhoneSimulator
		{552C14A8-A33B-4B7F-AE11-D57FD4125F65}.Release|iPhoneSimulator.Build.0 = Release|iPhoneSimulator
		{552C14A8-A33B-4B7F-AE11-D57FD4125F65}.Release|iPhoneSimulator.Deploy.0 = Release|iPhoneSimulator
		{552C14A8-A33B-4B7F-AE11-D57FD4125F65}.Release|x64.ActiveCfg = Release|iPhoneSimulator
		{552C14A8-A33B-4B7F-AE11-D57FD4125F65}.Release|x64.Build.0 = Release|iPhoneSimulator
		{552C14A8-A33B-4B7F-AE11-D57FD4125F65}.Release|x64.Deploy.0 = Release|iPhoneSimulator
		{552C14A8-A33B-4B7F-AE11-D57FD4125F65}.Release|x86.ActiveCfg = Release|iPhoneSimulator
		{552C14A8-A33B-4B7F-AE11-D57FD4125F65}.Release|x86.Build.0 = Release|iPhoneSimulator
		{552C14A8-A33B-4B7F-AE11-D57FD4125F65}.Release|x86.Deploy.0 = Release|iPhoneSimulator
		{9D92F15A-1086-41FB-92A9-827EE15F16BD}.Debug|Any CPU.ActiveCfg = Debug|Any CPU
		{9D92F15A-1086-41FB-92A9-827EE15F16BD}.Debug|Any CPU.Build.0 = Debug|Any CPU
		{9D92F15A-1086-41FB-92A9-827EE15F16BD}.Debug|Any CPU.Deploy.0 = Debug|Any CPU
		{9D92F15A-1086-41FB-92A9-827EE15F16BD}.Debug|ARM.ActiveCfg = Debug|Any CPU
		{9D92F15A-1086-41FB-92A9-827EE15F16BD}.Debug|ARM.Build.0 = Debug|Any CPU
		{9D92F15A-1086-41FB-92A9-827EE15F16BD}.Debug|ARM.Deploy.0 = Debug|Any CPU
		{9D92F15A-1086-41FB-92A9-827EE15F16BD}.Debug|iPhone.ActiveCfg = Debug|Any CPU
		{9D92F15A-1086-41FB-92A9-827EE15F16BD}.Debug|iPhone.Build.0 = Debug|Any CPU
		{9D92F15A-1086-41FB-92A9-827EE15F16BD}.Debug|iPhone.Deploy.0 = Debug|Any CPU
		{9D92F15A-1086-41FB-92A9-827EE15F16BD}.Debug|iPhoneSimulator.ActiveCfg = Debug|Any CPU
		{9D92F15A-1086-41FB-92A9-827EE15F16BD}.Debug|iPhoneSimulator.Build.0 = Debug|Any CPU
		{9D92F15A-1086-41FB-92A9-827EE15F16BD}.Debug|iPhoneSimulator.Deploy.0 = Debug|Any CPU
		{9D92F15A-1086-41FB-92A9-827EE15F16BD}.Debug|x64.ActiveCfg = Debug|Any CPU
		{9D92F15A-1086-41FB-92A9-827EE15F16BD}.Debug|x64.Build.0 = Debug|Any CPU
		{9D92F15A-1086-41FB-92A9-827EE15F16BD}.Debug|x64.Deploy.0 = Debug|Any CPU
		{9D92F15A-1086-41FB-92A9-827EE15F16BD}.Debug|x86.ActiveCfg = Debug|Any CPU
		{9D92F15A-1086-41FB-92A9-827EE15F16BD}.Debug|x86.Build.0 = Debug|Any CPU
		{9D92F15A-1086-41FB-92A9-827EE15F16BD}.Debug|x86.Deploy.0 = Debug|Any CPU
		{9D92F15A-1086-41FB-92A9-827EE15F16BD}.Release|Any CPU.ActiveCfg = Release|Any CPU
		{9D92F15A-1086-41FB-92A9-827EE15F16BD}.Release|Any CPU.Build.0 = Release|Any CPU
		{9D92F15A-1086-41FB-92A9-827EE15F16BD}.Release|Any CPU.Deploy.0 = Release|Any CPU
		{9D92F15A-1086-41FB-92A9-827EE15F16BD}.Release|ARM.ActiveCfg = Release|Any CPU
		{9D92F15A-1086-41FB-92A9-827EE15F16BD}.Release|ARM.Build.0 = Release|Any CPU
		{9D92F15A-1086-41FB-92A9-827EE15F16BD}.Release|ARM.Deploy.0 = Release|Any CPU
		{9D92F15A-1086-41FB-92A9-827EE15F16BD}.Release|iPhone.ActiveCfg = Release|Any CPU
		{9D92F15A-1086-41FB-92A9-827EE15F16BD}.Release|iPhone.Build.0 = Release|Any CPU
		{9D92F15A-1086-41FB-92A9-827EE15F16BD}.Release|iPhone.Deploy.0 = Release|Any CPU
		{9D92F15A-1086-41FB-92A9-827EE15F16BD}.Release|iPhoneSimulator.ActiveCfg = Release|Any CPU
		{9D92F15A-1086-41FB-92A9-827EE15F16BD}.Release|iPhoneSimulator.Build.0 = Release|Any CPU
		{9D92F15A-1086-41FB-92A9-827EE15F16BD}.Release|iPhoneSimulator.Deploy.0 = Release|Any CPU
		{9D92F15A-1086-41FB-92A9-827EE15F16BD}.Release|x64.ActiveCfg = Release|Any CPU
		{9D92F15A-1086-41FB-92A9-827EE15F16BD}.Release|x64.Build.0 = Release|Any CPU
		{9D92F15A-1086-41FB-92A9-827EE15F16BD}.Release|x64.Deploy.0 = Release|Any CPU
		{9D92F15A-1086-41FB-92A9-827EE15F16BD}.Release|x86.ActiveCfg = Release|Any CPU
		{9D92F15A-1086-41FB-92A9-827EE15F16BD}.Release|x86.Build.0 = Release|Any CPU
		{9D92F15A-1086-41FB-92A9-827EE15F16BD}.Release|x86.Deploy.0 = Release|Any CPU
		{7BA7FD42-EA8E-46F8-AAA7-00211CCA0CD2}.Debug|Any CPU.ActiveCfg = Debug|Any CPU
		{7BA7FD42-EA8E-46F8-AAA7-00211CCA0CD2}.Debug|Any CPU.Build.0 = Debug|Any CPU
		{7BA7FD42-EA8E-46F8-AAA7-00211CCA0CD2}.Debug|ARM.ActiveCfg = Debug|Any CPU
		{7BA7FD42-EA8E-46F8-AAA7-00211CCA0CD2}.Debug|ARM.Build.0 = Debug|Any CPU
		{7BA7FD42-EA8E-46F8-AAA7-00211CCA0CD2}.Debug|iPhone.ActiveCfg = Debug|Any CPU
		{7BA7FD42-EA8E-46F8-AAA7-00211CCA0CD2}.Debug|iPhone.Build.0 = Debug|Any CPU
		{7BA7FD42-EA8E-46F8-AAA7-00211CCA0CD2}.Debug|iPhoneSimulator.ActiveCfg = Debug|Any CPU
		{7BA7FD42-EA8E-46F8-AAA7-00211CCA0CD2}.Debug|iPhoneSimulator.Build.0 = Debug|Any CPU
		{7BA7FD42-EA8E-46F8-AAA7-00211CCA0CD2}.Debug|x64.ActiveCfg = Debug|Any CPU
		{7BA7FD42-EA8E-46F8-AAA7-00211CCA0CD2}.Debug|x64.Build.0 = Debug|Any CPU
		{7BA7FD42-EA8E-46F8-AAA7-00211CCA0CD2}.Debug|x86.ActiveCfg = Debug|Any CPU
		{7BA7FD42-EA8E-46F8-AAA7-00211CCA0CD2}.Debug|x86.Build.0 = Debug|Any CPU
		{7BA7FD42-EA8E-46F8-AAA7-00211CCA0CD2}.Release|Any CPU.ActiveCfg = Release|Any CPU
		{7BA7FD42-EA8E-46F8-AAA7-00211CCA0CD2}.Release|Any CPU.Build.0 = Release|Any CPU
		{7BA7FD42-EA8E-46F8-AAA7-00211CCA0CD2}.Release|ARM.ActiveCfg = Release|Any CPU
		{7BA7FD42-EA8E-46F8-AAA7-00211CCA0CD2}.Release|ARM.Build.0 = Release|Any CPU
		{7BA7FD42-EA8E-46F8-AAA7-00211CCA0CD2}.Release|iPhone.ActiveCfg = Release|Any CPU
		{7BA7FD42-EA8E-46F8-AAA7-00211CCA0CD2}.Release|iPhone.Build.0 = Release|Any CPU
		{7BA7FD42-EA8E-46F8-AAA7-00211CCA0CD2}.Release|iPhoneSimulator.ActiveCfg = Release|Any CPU
		{7BA7FD42-EA8E-46F8-AAA7-00211CCA0CD2}.Release|iPhoneSimulator.Build.0 = Release|Any CPU
		{7BA7FD42-EA8E-46F8-AAA7-00211CCA0CD2}.Release|x64.ActiveCfg = Release|Any CPU
		{7BA7FD42-EA8E-46F8-AAA7-00211CCA0CD2}.Release|x64.Build.0 = Release|Any CPU
		{7BA7FD42-EA8E-46F8-AAA7-00211CCA0CD2}.Release|x86.ActiveCfg = Release|Any CPU
		{7BA7FD42-EA8E-46F8-AAA7-00211CCA0CD2}.Release|x86.Build.0 = Release|Any CPU
	EndGlobalSection
	GlobalSection(SolutionProperties) = preSolution
		HideSolutionNode = FALSE
	EndGlobalSection
	GlobalSection(ExtensibilityGlobals) = postSolution
		SolutionGuid = {0953F3C4-8BB2-4EA7-A40A-7075973B6AFB}
	EndGlobalSection
EndGlobal
